// !$*UTF8*$!
{
	archiveVersion = 1;
	classes = {
	};
	objectVersion = 56;
	objects = {

/* Begin PBXBuildFile section */
		0905C2B12A10F17100F5FA2A /* functions.c in Sources */ = {isa = PBXBuildFile; fileRef = 0905C2B02A10F17100F5FA2A /* functions.c */; };
		096137112A0E2A2B0045B624 /* main.c in Sources */ = {isa = PBXBuildFile; fileRef = 096137102A0E2A2B0045B624 /* main.c */; };
		09BE0C452A1A33380073CCA9 /* makefile in Sources */ = {isa = PBXBuildFile; fileRef = 09BE0C442A1A33380073CCA9 /* makefile */; };
/* End PBXBuildFile section */

/* Begin PBXCopyFilesBuildPhase section */
		0961370B2A0E2A2B0045B624 /* CopyFiles */ = {
			isa = PBXCopyFilesBuildPhase;
			buildActionMask = 2147483647;
			dstPath = /usr/share/man/man1/;
			dstSubfolderSpec = 0;
			files = (
			);
			runOnlyForDeploymentPostprocessing = 1;
		};
/* End PBXCopyFilesBuildPhase section */

/* Begin PBXFileReference section */
		0905C2AF2A10F17100F5FA2A /* functions.h */ = {isa = PBXFileReference; lastKnownFileType = sourcecode.c.h; path = functions.h; sourceTree = "<group>"; };
		0905C2B02A10F17100F5FA2A /* functions.c */ = {isa = PBXFileReference; lastKnownFileType = sourcecode.c.c; path = functions.c; sourceTree = "<group>"; };
		0961370D2A0E2A2B0045B624 /* Course_paper */ = {isa = PBXFileReference; explicitFileType = "compiled.mach-o.executable"; includeInIndex = 0; path = Course_paper; sourceTree = BUILT_PRODUCTS_DIR; };
		096137102A0E2A2B0045B624 /* main.c */ = {isa = PBXFileReference; lastKnownFileType = sourcecode.c.c; path = main.c; sourceTree = "<group>"; };
		09BE0C442A1A33380073CCA9 /* makefile */ = {isa = PBXFileReference; fileEncoding = 4; lastKnownFileType = sourcecode.make; path = makefile; sourceTree = "<group>"; };
/* End PBXFileReference section */

/* Begin PBXFrameworksBuildPhase section */
		0961370A2A0E2A2B0045B624 /* Frameworks */ = {
			isa = PBXFrameworksBuildPhase;
			buildActionMask = 2147483647;
			files = (
			);
			runOnlyForDeploymentPostprocessing = 0;
		};
/* End PBXFrameworksBuildPhase section */

/* Begin PBXGroup section */
		096137042A0E2A2B0045B624 = {
			isa = PBXGroup;
			children = (
				0961370F2A0E2A2B0045B624 /* Course_paper */,
				0961370E2A0E2A2B0045B624 /* Products */,
			);
			sourceTree = "<group>";
		};
		0961370E2A0E2A2B0045B624 /* Products */ = {
			isa = PBXGroup;
			children = (
				0961370D2A0E2A2B0045B624 /* Course_paper */,
			);
			name = Products;
			sourceTree = "<group>";
		};
		0961370F2A0E2A2B0045B624 /* Course_paper */ = {
			isa = PBXGroup;
			children = (
				09BE0C442A1A33380073CCA9 /* makefile */,
				096137102A0E2A2B0045B624 /* main.c */,
				0905C2AF2A10F17100F5FA2A /* functions.h */,
				0905C2B02A10F17100F5FA2A /* functions.c */,
			);
			path = Course_paper;
			sourceTree = "<group>";
		};
/* End PBXGroup section */

/* Begin PBXNativeTarget section */
		0961370C2A0E2A2B0045B624 /* Course_paper */ = {
			isa = PBXNativeTarget;
			buildConfigurationList = 096137142A0E2A2B0045B624 /* Build configuration list for PBXNativeTarget "Course_paper" */;
			buildPhases = (
				096137092A0E2A2B0045B624 /* Sources */,
				0961370A2A0E2A2B0045B624 /* Frameworks */,
				0961370B2A0E2A2B0045B624 /* CopyFiles */,
			);
			buildRules = (
			);
			dependencies = (
			);
			name = Course_paper;
			productName = Course_paper;
			productReference = 0961370D2A0E2A2B0045B624 /* Course_paper */;
			productType = "com.apple.product-type.tool";
		};
/* End PBXNativeTarget section */

/* Begin PBXProject section */
		096137052A0E2A2B0045B624 /* Project object */ = {
			isa = PBXProject;
			attributes = {
				BuildIndependentTargetsInParallel = 1;
				LastUpgradeCheck = 1400;
				TargetAttributes = {
					0961370C2A0E2A2B0045B624 = {
						CreatedOnToolsVersion = 14.0;
					};
				};
			};
			buildConfigurationList = 096137082A0E2A2B0045B624 /* Build configuration list for PBXProject "Course_paper" */;
			compatibilityVersion = "Xcode 14.0";
			developmentRegion = en;
			hasScannedForEncodings = 0;
			knownRegions = (
				en,
				Base,
			);
			mainGroup = 096137042A0E2A2B0045B624;
			productRefGroup = 0961370E2A0E2A2B0045B624 /* Products */;
			projectDirPath = "";
			projectRoot = "";
			targets = (
				0961370C2A0E2A2B0045B624 /* Course_paper */,
			);
		};
/* End PBXProject section */

/* Begin PBXSourcesBuildPhase section */
		096137092A0E2A2B0045B624 /* Sources */ = {
			isa = PBXSourcesBuildPhase;
			buildActionMask = 2147483647;
			files = (
				096137112A0E2A2B0045B624 /* main.c in Sources */,
				0905C2B12A10F17100F5FA2A /* functions.c in Sources */,
				09BE0C452A1A33380073CCA9 /* makefile in Sources */,
			);
			runOnlyForDeploymentPostprocessing = 0;
		};
/* End PBXSourcesBuildPhase section */

/* Begin XCBuildConfiguration section */
		096137122A0E2A2B0045B624 /* Debug */ = {
			isa = XCBuildConfiguration;
			buildSettings = {
				ALWAYS_SEARCH_USER_PATHS = NO;
				CLANG_ANALYZER_NONNULL = YES;
				CLANG_ANALYZER_NUMBER_OBJECT_CONVERSION = YES_AGGRESSIVE;
				CLANG_CXX_LANGUAGE_STANDARD = "gnu++20";
				CLANG_ENABLE_MODULES = YES;
				CLANG_ENABLE_OBJC_ARC = YES;
				CLANG_ENABLE_OBJC_WEAK = YES;
				CLANG_WARN_BLOCK_CAPTURE_AUTORELEASING = YES;
				CLANG_WARN_BOOL_CONVERSION = YES;
				CLANG_WARN_COMMA = YES;
				CLANG_WARN_CONSTANT_CONVERSION = YES;
				CLANG_WARN_DEPRECATED_OBJC_IMPLEMENTATIONS = YES;
				CLANG_WARN_DIRECT_OBJC_ISA_USAGE = YES_ERROR;
				CLANG_WARN_DOCUMENTATION_COMMENTS = YES;
				CLANG_WARN_EMPTY_BODY = YES;
				CLANG_WARN_ENUM_CONVERSION = YES;
				CLANG_WARN_INFINITE_RECURSION = YES;
				CLANG_WARN_INT_CONVERSION = YES;
				CLANG_WARN_NON_LITERAL_NULL_CONVERSION = YES;
				CLANG_WARN_OBJC_IMPLICIT_RETAIN_SELF = YES;
				CLANG_WARN_OBJC_LITERAL_CONVERSION = YES;
				CLANG_WARN_OBJC_ROOT_CLASS = YES_ERROR;
				CLANG_WARN_QUOTED_INCLUDE_IN_FRAMEWORK_HEADER = YES;
				CLANG_WARN_RANGE_LOOP_ANALYSIS = YES;
				CLANG_WARN_STRICT_PROTOTYPES = YES;
				CLANG_WARN_SUSPICIOUS_MOVE = YES;
				CLANG_WARN_UNGUARDED_AVAILABILITY = YES_AGGRESSIVE;
				CLANG_WARN_UNREACHABLE_CODE = YES;
				CLANG_WARN__DUPLICATE_METHOD_MATCH = YES;
				COPY_PHASE_STRIP = NO;
				DEBUG_INFORMATION_FORMAT = dwarf;
				ENABLE_STRICT_OBJC_MSGSEND = YES;
				ENABLE_TESTABILITY = YES;
				GCC_C_LANGUAGE_STANDARD = gnu11;
				GCC_DYNAMIC_NO_PIC = NO;
				GCC_NO_COMMON_BLOCKS = YES;
				GCC_OPTIMIZATION_LEVEL = 0;
				GCC_PREPROCESSOR_DEFINITIONS = (
					"DEBUG=1",
					"$(inherited)",
				);
				GCC_WARN_64_TO_32_BIT_CONVERSION = YES;
				GCC_WARN_ABOUT_RETURN_TYPE = YES_ERROR;
				GCC_WARN_UNDECLARED_SELECTOR = YES;
				GCC_WARN_UNINITIALIZED_AUTOS = YES_AGGRESSIVE;
				GCC_WARN_UNUSED_FUNCTION = YES;
				GCC_WARN_UNUSED_VARIABLE = YES;
				MACOSX_DEPLOYMENT_TARGET = 12.3;
				MTL_ENABLE_DEBUG_INFO = INCLUDE_SOURCE;
				MTL_FAST_MATH = YES;
				ONLY_ACTIVE_ARCH = YES;
				SDKROOT = macosx;
			};
			name = Debug;
		};
		096137132A0E2A2B0045B624 /* Release */ = {
			isa = XCBuildConfiguration;
			buildSettings = {
				ALWAYS_SEARCH_USER_PATHS = NO;
				CLANG_ANALYZER_NONNULL = YES;
				CLANG_ANALYZER_NUMBER_OBJECT_CONVERSION = YES_AGGRESSIVE;
				CLANG_CXX_LANGUAGE_STANDARD = "gnu++20";
				CLANG_ENABLE_MODULES = YES;
				CLANG_ENABLE_OBJC_ARC = YES;
				CLANG_ENABLE_OBJC_WEAK = YES;
				CLANG_WARN_BLOCK_CAPTURE_AUTORELEASING = YES;
				CLANG_WARN_BOOL_CONVERSION = YES;
				CLANG_WARN_COMMA = YES;
				CLANG_WARN_CONSTANT_CONVERSION = YES;
				CLANG_WARN_DEPRECATED_OBJC_IMPLEMENTATIONS = YES;
				CLANG_WARN_DIRECT_OBJC_ISA_USAGE = YES_ERROR;
				CLANG_WARN_DOCUMENTATION_COMMENTS = YES;
				CLANG_WARN_EMPTY_BODY = YES;
				CLANG_WARN_ENUM_CONVERSION = YES;
				CLANG_WARN_INFINITE_RECURSION = YES;
				CLANG_WARN_INT_CONVERSION = YES;
				CLANG_WARN_NON_LITERAL_NULL_CONVERSION = YES;
				CLANG_WARN_OBJC_IMPLICIT_RETAIN_SELF = YES;
				CLANG_WARN_OBJC_LITERAL_CONVERSION = YES;
				CLANG_WARN_OBJC_ROOT_CLASS = YES_ERROR;
				CLANG_WARN_QUOTED_INCLUDE_IN_FRAMEWORK_HEADER = YES;
				CLANG_WARN_RANGE_LOOP_ANALYSIS = YES;
				CLANG_WARN_STRICT_PROTOTYPES = YES;
				CLANG_WARN_SUSPICIOUS_MOVE = YES;
				CLANG_WARN_UNGUARDED_AVAILABILITY = YES_AGGRESSIVE;
				CLANG_WARN_UNREACHABLE_CODE = YES;
				CLANG_WARN__DUPLICATE_METHOD_MATCH = YES;
				COPY_PHASE_STRIP = NO;
				DEBUG_INFORMATION_FORMAT = "dwarf-with-dsym";
				ENABLE_NS_ASSERTIONS = NO;
				ENABLE_STRICT_OBJC_MSGSEND = YES;
				GCC_C_LANGUAGE_STANDARD = gnu11;
				GCC_NO_COMMON_BLOCKS = YES;
				GCC_WARN_64_TO_32_BIT_CONVERSION = YES;
				GCC_WARN_ABOUT_RETURN_TYPE = YES_ERROR;
				GCC_WARN_UNDECLARED_SELECTOR = YES;
				GCC_WARN_UNINITIALIZED_AUTOS = YES_AGGRESSIVE;
				GCC_WARN_UNUSED_FUNCTION = YES;
				GCC_WARN_UNUSED_VARIABLE = YES;
				MACOSX_DEPLOYMENT_TARGET = 12.3;
				MTL_ENABLE_DEBUG_INFO = NO;
				MTL_FAST_MATH = YES;
				SDKROOT = macosx;
			};
			name = Release;
		};
		096137152A0E2A2B0045B624 /* Debug */ = {
			isa = XCBuildConfiguration;
			buildSettings = {
				CODE_SIGN_STYLE = Automatic;
				PRODUCT_NAME = "$(TARGET_NAME)";
			};
			name = Debug;
		};
		096137162A0E2A2B0045B624 /* Release */ = {
			isa = XCBuildConfiguration;
			buildSettings = {
				CODE_SIGN_STYLE = Automatic;
				PRODUCT_NAME = "$(TARGET_NAME)";
			};
			name = Release;
		};
/* End XCBuildConfiguration section */

/* Begin XCConfigurationList section */
		096137082A0E2A2B0045B624 /* Build configuration list for PBXProject "Course_paper" */ = {
			isa = XCConfigurationList;
			buildConfigurations = (
				096137122A0E2A2B0045B624 /* Debug */,
				096137132A0E2A2B0045B624 /* Release */,
			);
			defaultConfigurationIsVisible = 0;
			defaultConfigurationName = Release;
		};
		096137142A0E2A2B0045B624 /* Build configuration list for PBXNativeTarget "Course_paper" */ = {
			isa = XCConfigurationList;
			buildConfigurations = (
				096137152A0E2A2B0045B624 /* Debug */,
				096137162A0E2A2B0045B624 /* Release */,
			);
			defaultConfigurationIsVisible = 0;
			defaultConfigurationName = Release;
		};
/* End XCConfigurationList section */
	};
	rootObject = 096137052A0E2A2B0045B624 /* Project object */;
}
